#MicroXplorer Configuration settings - do not modify
PH0-OSC_IN.Signal=RCC_OSC_IN
Dma.SPI1_TX.0.PeriphInc=DMA_PINC_DISABLE
USART2.IPParameters=VirtualMode,BaudRate
PC10.GPIO_PuPd=GPIO_PULLUP
NVIC.I2C1_EV_IRQn=true\:5\:0\:false\:false\:true\:false\:true\:true
SPI1.VirtualType=VM_MASTER
PB10.Mode=Asynchronous
Dma.USART1_RX.5.Mode=DMA_NORMAL
Dma.USART2_TX.3.RequestParameters=Instance,Direction,PeriphInc,MemInc,PeriphDataAlignment,MemDataAlignment,Mode,Priority,FIFOMode
Dma.USART2_TX.3.MemInc=DMA_MINC_ENABLE
VP_FATFS_VS_SDIO.Mode=SDIO
TIM1.IPParameters=Prescaler,Period
RCC.PLLCLKFreq_Value=96000000
PC12.Signal=SDIO_CK
RCC.PLLQCLKFreq_Value=48000000
Dma.SDIO_RX.1.Direction=DMA_PERIPH_TO_MEMORY
VP_RTC_VS_RTC_Activate.Mode=RTC_Enabled
RCC.RTCFreq_Value=32768
PA3.GPIOParameters=GPIO_Label
Dma.SDIO_RX.1.Priority=DMA_PRIORITY_LOW
PB6.GPIO_Label=STC3115_SCL
Dma.USART1_TX.6.PeriphInc=DMA_PINC_DISABLE
PD2.GPIOParameters=GPIO_PuPd
USART1.IPParameters=VirtualMode
Dma.USART2_RX.4.PeriphDataAlignment=DMA_PDATAALIGN_BYTE
PA2.GPIOParameters=GPIO_Label
Dma.USART2_RX.4.RequestParameters=Instance,Direction,PeriphInc,MemInc,PeriphDataAlignment,MemDataAlignment,Mode,Priority,FIFOMode
PinOutPanel.RotationAngle=0
PE6.GPIO_Label=LCD_CS
RCC.SYSCLKSource=RCC_SYSCLKSOURCE_PLLCLK
Dma.SDIO_RX.1.Instance=DMA2_Stream6
NVIC.SVCall_IRQn=true\:0\:0\:false\:false\:false\:false\:false\:false
Dma.SDIO_TX.2.MemDataAlignment=DMA_MDATAALIGN_WORD
VP_FATFS_VS_SDIO.Signal=FATFS_VS_SDIO
SPI1.Direction=SPI_DIRECTION_2LINES
RCC.APB2TimFreq_Value=48000000
Dma.SDIO_RX.1.FIFOMode=DMA_FIFOMODE_ENABLE
SDIO.IPParameters=ClockDiv
PB6.Signal=I2C1_SCL
ADC1.Channel-2\#ChannelRegularConversion=ADC_CHANNEL_0
PB6.Mode=I2C
Dma.USART1_TX.6.Mode=DMA_NORMAL
RTC.IPParameters=Format,Hours,Month,Date,Year
SPI1.CalculateBaudRate=12.0 MBits/s
PE5.Signal=GPIO_Output
ProjectManager.ProjectBuild=false
NVIC.UsageFault_IRQn=true\:0\:0\:false\:false\:true\:false\:false\:false
RCC.RCC_RTC_Clock_Source_FROM_HSE=RCC_RTCCLKSOURCE_HSE_DIV16
PB12.GPIO_Label=LD
ProjectManager.FirmwarePackage=STM32Cube FW_F4 V1.25.2
MxDb.Version=DB.6.0.0
PA1.GPIOParameters=GPIO_Label
ProjectManager.BackupPrevious=false
PE4.GPIO_Label=LCD_RS
PC9.Mode=SD_4_bits_Wide_bus
PE2.Signal=GPIO_Output
NVIC.PendSV_IRQn=true\:15\:0\:false\:false\:false\:true\:false\:false
VP_FREERTOS_VS_CMSIS_V1.Mode=CMSIS_V1
NVIC.I2C1_ER_IRQn=true\:5\:0\:false\:false\:true\:false\:true\:true
ProjectManager.HalAssertFull=false
VP_TIM1_VS_ClockSourceINT.Mode=Internal
Dma.SPI1_TX.0.Mode=DMA_NORMAL
RCC.MCO2PinFreq_Value=96000000
PC8.GPIOParameters=GPIO_PuPd
Dma.USART1_TX.6.Direction=DMA_MEMORY_TO_PERIPH
Mcu.Package=LQFP100
NVIC.TimeBase=TIM7_IRQn
Dma.USART1_RX.5.MemDataAlignment=DMA_MDATAALIGN_BYTE
NVIC.TimeBaseIP=TIM7
USART3.IPParameters=VirtualMode
PA10.Signal=USART1_RX
VP_RTC_VS_RTC_Calendar.Mode=RTC_Calendar
FREERTOS.FootprintOK=true
PA5.GPIOParameters=GPIO_Label
PC11.Mode=SD_4_bits_Wide_bus
RCC.APB2CLKDivider=RCC_HCLK_DIV2
NVIC.DMA2_Stream2_IRQn=true\:5\:0\:false\:false\:true\:true\:false\:true
RCC.APB1TimFreq_Value=48000000
NVIC.BusFault_IRQn=true\:0\:0\:false\:false\:true\:false\:false\:false
TIM1.Period=999
USB_OTG_FS.IPParameters=VirtualMode
PB10.GPIOParameters=GPIO_Label
PE6.Locked=true
PC12.GPIO_PuPd=GPIO_NOPULL
NVIC.USART1_IRQn=true\:5\:0\:false\:false\:true\:true\:true\:true
NVIC.DMA1_Stream6_IRQn=true\:5\:0\:false\:false\:true\:true\:false\:true
Dma.SDIO_TX.2.FIFOThreshold=DMA_FIFO_THRESHOLD_FULL
ProjectManager.CustomerFirmwarePackage=
PA5.Mode=TX_Only_Simplex_Unidirect_Master
Dma.SDIO_TX.2.MemInc=DMA_MINC_ENABLE
ProjectManager.ProjectFileName=Version3.1.ioc
FREERTOS.Tasks01=Mainfunction,2,4096,MainfunctionTask,As weak,NULL,Dynamic,NULL,NULL;io_handle,-3,4096,io_handle_cb,As weak,NULL,Dynamic,NULL,NULL;STC3115_handle,-3,4096,STC3115_handle_cb,As weak,NULL,Dynamic,NULL,NULL
PA15.GPIOParameters=GPIO_Label
Mcu.PinsNb=43
PD2.GPIO_PuPd=GPIO_PULLUP
ADC1.IPParameters=Rank-2\#ChannelRegularConversion,master,Channel-2\#ChannelRegularConversion,SamplingTime-2\#ChannelRegularConversion,NbrOfConversionFlag
PA9.GPIO_Label=PCIE_RX
Dma.USART1_RX.5.RequestParameters=Instance,Direction,PeriphInc,MemInc,PeriphDataAlignment,MemDataAlignment,Mode,Priority,FIFOMode
PB11.GPIO_Label=BLE_TX
Dma.USART2_TX.3.PeriphInc=DMA_PINC_DISABLE
SPI1.CLKPhase=SPI_PHASE_1EDGE
RCC.APB1CLKDivider=RCC_HCLK_DIV2
PC14-OSC32_IN.Signal=RCC_OSC32_IN
PC11.GPIOParameters=GPIO_PuPd
USART2.BaudRate=9600
PA0-WKUP.GPIO_Label=ADC420
PA0-WKUP.Signal=ADCx_IN0
PA3.Mode=Asynchronous
Dma.SPI1_TX.0.FIFOMode=DMA_FIFOMODE_DISABLE
PA15.Locked=true
Dma.SPI1_TX.0.RequestParameters=Instance,Direction,PeriphInc,MemInc,PeriphDataAlignment,MemDataAlignment,Mode,Priority,FIFOMode
PB11.Mode=Asynchronous
RTC.Year=20
I2C1.I2C_Mode=I2C_Fast
USB_DEVICE.APP_TX_DATA_SIZE-CDC_FS=512
PA9.Signal=USART1_TX
VP_TIM1_VS_ClockSourceINT.Signal=TIM1_VS_ClockSourceINT
PB11.GPIOParameters=GPIO_Label
PB5.Locked=true
Dma.SDIO_TX.2.PeriphDataAlignment=DMA_PDATAALIGN_WORD
RTC.Format=RTC_FORMAT_BIN
SDIO.ClockDiv=10
NVIC.DMA2_Stream6_IRQn=true\:5\:0\:false\:false\:true\:true\:false\:true
PB10.Signal=USART3_TX
Dma.SDIO_RX.1.FIFOThreshold=DMA_FIFO_THRESHOLD_FULL
PE2.GPIO_PuPd=GPIO_PULLDOWN
PA5.Signal=SPI1_SCK
Mcu.Pin40=VP_SYS_VS_tim7
Mcu.Pin41=VP_TIM1_VS_ClockSourceINT
PC12.Mode=SD_4_bits_Wide_bus
Mcu.Pin42=VP_USB_DEVICE_VS_USB_DEVICE_CDC_FS
Dma.SDIO_RX.1.MemBurst=DMA_MBURST_INC4
ProjectManager.LastFirmware=true
VP_SYS_VS_tim7.Signal=SYS_VS_tim7
NVIC.SPI1_IRQn=true\:5\:0\:false\:false\:true\:false\:true\:true
Dma.USART1_RX.5.PeriphDataAlignment=DMA_PDATAALIGN_BYTE
PB4.GPIO_Label=PCIE_WLAN_DIS
Mcu.Pin37=VP_FREERTOS_VS_CMSIS_V1
Mcu.Pin38=VP_RTC_VS_RTC_Activate
Mcu.Pin35=PB7
Mcu.Pin36=VP_FATFS_VS_SDIO
SPI1.Mode=SPI_MODE_MASTER
SH.ADCx_IN0.ConfNb=1
Mcu.Pin39=VP_RTC_VS_RTC_Calendar
Dma.USART2_TX.3.Mode=DMA_NORMAL
Mcu.Pin30=PD2
PA1.GPIO_Label=RS485_DE
RCC.EthernetFreq_Value=96000000
PC9.GPIO_PuPd=GPIO_PULLUP
Mcu.Pin33=PB5
Mcu.Pin34=PB6
Mcu.Pin31=PB3
RCC.RCC_RTC_Clock_SourceVirtual=RCC_RTCCLKSOURCE_LSE
Mcu.Pin32=PB4
Dma.SPI1_TX.0.Instance=DMA2_Stream5
NVIC.NonMaskableInt_IRQn=true\:0\:0\:false\:false\:true\:false\:false\:false
RCC.AHBCLKDivider=RCC_SYSCLK_DIV2
PC10.GPIOParameters=GPIO_PuPd
PA13.Mode=Serial_Wire
ProjectManager.FreePins=false
PC9.GPIOParameters=GPIO_PuPd
Mcu.Pin26=PA15
Mcu.Pin27=PC10
RCC.RTCHSEDivFreq_Value=500000
Mcu.Pin24=PA13
ProjectManager.UnderRoot=true
Mcu.Pin25=PA14
Dma.SDIO_TX.2.Priority=DMA_PRIORITY_LOW
Mcu.Pin28=PC11
Mcu.Pin29=PC12
PC8.Mode=SD_4_bits_Wide_bus
PB4.Locked=true
PC8.GPIO_PuPd=GPIO_PULLUP
Mcu.Pin22=PA11
PB5.Signal=GPIO_Output
Mcu.Pin23=PA12
Mcu.Pin20=PA9
ADC1.master=1
Mcu.Pin21=PA10
PA5.GPIO_Label=LCD_CLK
NVIC.ForceEnableDMAVector=true
Dma.USART2_RX.4.MemDataAlignment=DMA_MDATAALIGN_BYTE
NVIC.MemoryManagement_IRQn=true\:0\:0\:false\:false\:true\:false\:false\:false
PE5.GPIO_Label=LCD_RST
USART1.VirtualMode=VM_ASYNC
ProjectManager.CompilerOptimize=6
PA11.Signal=USB_OTG_FS_DM
Dma.SDIO_TX.2.MemBurst=DMA_MBURST_INC4
ProjectManager.HeapSize=0x200
Mcu.Pin15=PB10
NVIC.HardFault_IRQn=true\:0\:0\:false\:false\:true\:false\:false\:false
Dma.SDIO_RX.1.MemInc=DMA_MINC_ENABLE
Mcu.Pin16=PB11
Mcu.Pin13=PA5
Mcu.Pin14=PA7
Mcu.Pin19=PC9
ProjectManager.ComputerToolchain=false
Mcu.Pin17=PB12
Mcu.Pin18=PC8
Dma.USART2_TX.3.Priority=DMA_PRIORITY_LOW
NVIC.PriorityGroup=NVIC_PRIORITYGROUP_4
Mcu.Pin11=PA2
Mcu.Pin12=PA3
Mcu.Pin10=PA1
PE3.Signal=GPIO_Output
PE2.Locked=true
Dma.SDIO_TX.2.PeriphInc=DMA_PINC_DISABLE
Dma.USART2_RX.4.Mode=DMA_NORMAL
PD2.Signal=SDIO_CMD
Dma.USART1_TX.6.Priority=DMA_PRIORITY_LOW
RTC.Date=5
PA7.GPIOParameters=GPIO_Label
PB12.GPIOParameters=GPIO_Label
Mcu.Family=STM32F4
Dma.USART1_RX.5.FIFOMode=DMA_FIFOMODE_DISABLE
Dma.USART1_RX.5.Priority=DMA_PRIORITY_LOW
ProjectManager.MainLocation=Core/Src
Dma.SPI1_TX.0.MemInc=DMA_MINC_ENABLE
USB_DEVICE.CLASS_NAME_FS=CDC
RCC.CortexFreq_Value=48000000
Dma.SDIO_RX.1.PeriphDataAlignment=DMA_PDATAALIGN_WORD
ProjectManager.KeepUserCode=true
Mcu.UserName=STM32F407VGTx
Dma.USART1_RX.5.Direction=DMA_PERIPH_TO_MEMORY
PC10.Signal=SDIO_D2
Dma.SDIO_RX.1.Mode=DMA_PFCTRL
Dma.SDIO_RX.1.RequestParameters=Instance,Direction,PeriphInc,MemInc,PeriphDataAlignment,MemDataAlignment,Mode,Priority,FIFOMode,FIFOThreshold,MemBurst,PeriphBurst
ProjectManager.functionlistsort=1-MX_GPIO_Init-GPIO-false-HAL-true,2-MX_DMA_Init-DMA-false-HAL-true,3-SystemClock_Config-RCC-false-HAL-false,4-MX_I2C1_Init-I2C1-false-HAL-true,5-MX_RTC_Init-RTC-false-HAL-true,6-MX_SDIO_SD_Init-SDIO-false-HAL-true,7-MX_SPI1_Init-SPI1-false-HAL-true,8-MX_ADC1_Init-ADC1-false-HAL-true,9-MX_USART1_UART_Init-USART1-false-HAL-true,10-MX_USART2_UART_Init-USART2-false-HAL-true,11-MX_USB_DEVICE_Init-USB_DEVICE-false-HAL-false,12-MX_TIM1_Init-TIM1-false-HAL-true,13-MX_USART3_UART_Init-USART3-false-HAL-true,14-MX_FATFS_Init-FATFS-false-HAL-false
PA9.GPIOParameters=GPIO_Label
Dma.USART1_TX.6.PeriphDataAlignment=DMA_PDATAALIGN_BYTE
PA11.Mode=Device_Only
USB_DEVICE.VirtualMode-CDC_FS=Cdc
VP_RTC_VS_RTC_Calendar.Signal=RTC_VS_RTC_Calendar
Dma.USART2_TX.3.Direction=DMA_MEMORY_TO_PERIPH
Dma.USART2_RX.4.Instance=DMA1_Stream5
PB11.Signal=USART3_RX
PE5.GPIOParameters=GPIO_Label
ProjectManager.StackSize=0x400
PB5.GPIOParameters=GPIO_Label
Dma.SDIO_TX.2.Mode=DMA_PFCTRL
Mcu.IP4=I2C1
Mcu.IP5=NVIC
RCC.FCLKCortexFreq_Value=48000000
I2C1.IPParameters=I2C_Mode
Mcu.IP2=FATFS
Mcu.IP3=FREERTOS
PA15.GPIO_Label=V_BOOT_EN
PC11.GPIO_PuPd=GPIO_PULLUP
PB4.GPIOParameters=GPIO_Label
Mcu.IP0=ADC1
Dma.USART1_RX.5.MemInc=DMA_MINC_ENABLE
Mcu.IP1=DMA
PA12.Signal=USB_OTG_FS_DP
PE4.GPIOParameters=GPIO_Label
TIM1.Prescaler=95
SPI1.CLKPolarity=SPI_POLARITY_LOW
Mcu.UserConstants=
Mcu.ThirdPartyNb=0
RCC.HCLKFreq_Value=48000000
Mcu.IPNb=17
RCC.I2SClocksFreq_Value=192000000
ProjectManager.PreviousToolchain=STM32CubeIDE
RCC.VcooutputI2S=192000000
Mcu.Pin6=PC15-OSC32_OUT
Mcu.Pin7=PH0-OSC_IN
Mcu.Pin8=PH1-OSC_OUT
Mcu.Pin9=PA0-WKUP
FREERTOS.IPParameters=Tasks01,configTOTAL_HEAP_SIZE,FootprintOK,configUSE_TIMERS
RCC.AHBFreq_Value=48000000
PH0-OSC_IN.Mode=HSE-External-Oscillator
Mcu.Pin0=PE2
Mcu.Pin1=PE3
GPIO.groupedBy=Group By Peripherals
Mcu.Pin2=PE4
Mcu.Pin3=PE5
PA0-WKUP.GPIOParameters=GPIO_Label
Mcu.Pin4=PE6
Mcu.Pin5=PC14-OSC32_IN
RCC.HSE_VALUE=8000000
FREERTOS.configUSE_TIMERS=1
NVIC.DebugMonitor_IRQn=true\:0\:0\:false\:false\:true\:false\:false\:false
Mcu.IP10=SYS
NVIC.SysTick_IRQn=true\:15\:0\:false\:false\:false\:true\:false\:true
Mcu.IP12=USART1
Mcu.IP11=TIM1
ADC1.Rank-2\#ChannelRegularConversion=1
RTC.Month=RTC_MONTH_OCTOBER
Mcu.IP14=USART3
Mcu.IP13=USART2
Mcu.IP16=USB_OTG_FS
Mcu.IP15=USB_DEVICE
PC14-OSC32_IN.Mode=LSE-External-Oscillator
Dma.USART2_RX.4.FIFOMode=DMA_FIFOMODE_DISABLE
RCC.VCOInputFreq_Value=2000000
PA14.Mode=Serial_Wire
File.Version=6
PA10.GPIO_Label=PCIE_TX
Dma.SDIO_TX.2.Direction=DMA_MEMORY_TO_PERIPH
PE3.GPIOParameters=GPIO_Label
PB3.GPIOParameters=GPIO_Label
PE3.Locked=true
PB7.Signal=I2C1_SDA
SH.ADCx_IN0.0=ADC1_IN0,IN0
PE4.Signal=GPIO_Output
PE6.GPIOParameters=GPIO_Label
Dma.RequestsNb=7
PB6.GPIOParameters=GPIO_Label
FREERTOS.configTOTAL_HEAP_SIZE=65536
ProjectManager.ProjectName=Version3.1
USB_DEVICE.APP_RX_DATA_SIZE-CDC_FS=512
Dma.USART2_RX.4.Priority=DMA_PRIORITY_LOW
PB7.GPIO_Label=STC3115_SDA
PH1-OSC_OUT.Mode=HSE-External-Oscillator
NVIC.DMA2_Stream7_IRQn=true\:5\:0\:false\:false\:true\:true\:false\:true
USART2.VirtualMode=VM_ASYNC
Dma.SDIO_TX.2.PeriphBurst=DMA_PBURST_INC4
NVIC.OTG_FS_IRQn=true\:5\:0\:true\:false\:true\:false\:false\:true
ProjectManager.ToolChainLocation=
PA2.GPIO_Label=RS485_TX
RCC.LSI_VALUE=32000
Dma.USART2_RX.4.MemInc=DMA_MINC_ENABLE
USB_OTG_FS.VirtualMode=Device_Only
PA15.Signal=GPIO_Output
VP_USB_DEVICE_VS_USB_DEVICE_CDC_FS.Signal=USB_DEVICE_VS_USB_DEVICE_CDC_FS
Dma.SDIO_RX.1.PeriphBurst=DMA_PBURST_INC4
Dma.SDIO_TX.2.RequestParameters=Instance,Direction,PeriphInc,MemInc,PeriphDataAlignment,MemDataAlignment,Mode,Priority,FIFOMode,FIFOThreshold,MemBurst,PeriphBurst
PB5.GPIO_Label=STC3115_RESET
Dma.Request2=SDIO_TX
Dma.Request1=SDIO_RX
Dma.Request4=USART2_RX
Dma.Request3=USART2_TX
Dma.Request6=USART1_TX
Dma.Request5=USART1_RX
Dma.Request0=SPI1_TX
SPI1.BaudRatePrescaler=SPI_BAUDRATEPRESCALER_2
PE2.GPIO_Label=PWR_OFF
NVIC.TIM7_IRQn=true\:0\:0\:false\:false\:true\:false\:false\:true
PB3.Locked=true
PB4.Signal=GPIO_Output
PA3.Signal=USART2_RX
PB3.GPIO_Label=PCIE_RST
VP_RTC_VS_RTC_Activate.Signal=RTC_VS_RTC_Activate
PC15-OSC32_OUT.Mode=LSE-External-Oscillator
Dma.USART2_TX.3.MemDataAlignment=DMA_MDATAALIGN_BYTE
Dma.USART1_TX.6.MemInc=DMA_MINC_ENABLE
PA7.Mode=TX_Only_Simplex_Unidirect_Master
PA10.Mode=Asynchronous
Dma.USART2_TX.3.Instance=DMA1_Stream6
ProjectManager.NoMain=false
PE2.PinState=GPIO_PIN_RESET
SPI1.IPParameters=VirtualType,Mode,Direction,CalculateBaudRate,CLKPolarity,CLKPhase,BaudRatePrescaler
USB_DEVICE.VirtualModeFS=Cdc_FS
NVIC.SavedSvcallIrqHandlerGenerated=true
PC11.Signal=SDIO_D3
VP_SYS_VS_tim7.Mode=TIM7
PC8.Signal=SDIO_D0
PC10.Mode=SD_4_bits_Wide_bus
ProjectManager.DefaultFWLocation=true
Dma.SDIO_TX.2.Instance=DMA2_Stream3
PB12.Locked=true
ProjectManager.DeletePrevious=true
PB10.Locked=true
USB_DEVICE.IPParameters=VirtualModeFS,CLASS_NAME_FS,VirtualMode-CDC_FS,APP_RX_DATA_SIZE-CDC_FS,APP_TX_DATA_SIZE-CDC_FS
NVIC.USART2_IRQn=true\:5\:0\:false\:false\:true\:true\:true\:true
ADC1.SamplingTime-2\#ChannelRegularConversion=ADC_SAMPLETIME_3CYCLES
NVIC.SDIO_IRQn=true\:5\:0\:false\:false\:true\:true\:true\:true
RCC.FamilyName=M
PA0-WKUP.Locked=true
Dma.SDIO_RX.1.PeriphInc=DMA_PINC_DISABLE
PC12.GPIOParameters=GPIO_PuPd
PA13.Signal=SYS_JTMS-SWDIO
VP_FREERTOS_VS_CMSIS_V1.Signal=FREERTOS_VS_CMSIS_V1
PA9.Mode=Asynchronous
Dma.USART1_RX.5.PeriphInc=DMA_PINC_DISABLE
ProjectManager.TargetToolchain=STM32CubeIDE
Dma.USART1_TX.6.FIFOMode=DMA_FIFOMODE_DISABLE
PB10.GPIO_Label=BLE_RX
NVIC.DMA1_Stream5_IRQn=true\:5\:0\:false\:false\:true\:true\:false\:true
PB7.GPIOParameters=GPIO_Label
Dma.SPI1_TX.0.PeriphDataAlignment=DMA_PDATAALIGN_BYTE
Dma.SPI1_TX.0.Direction=DMA_MEMORY_TO_PERIPH
VP_USB_DEVICE_VS_USB_DEVICE_CDC_FS.Mode=CDC_FS
PE4.Locked=true
PE2.GPIOParameters=PinState,GPIO_PuPd,GPIO_Label
Dma.USART2_TX.3.PeriphDataAlignment=DMA_PDATAALIGN_BYTE
ProjectManager.RegisterCallBack=
NVIC.DMA2_Stream3_IRQn=true\:5\:0\:false\:false\:true\:true\:false\:true
PC15-OSC32_OUT.Signal=RCC_OSC32_OUT
PA1.Signal=GPIO_Output
Dma.USART2_RX.4.PeriphInc=DMA_PINC_DISABLE
Dma.SDIO_RX.1.MemDataAlignment=DMA_MDATAALIGN_WORD
Dma.USART1_TX.6.Instance=DMA2_Stream7
RCC.VCOI2SOutputFreq_Value=384000000
PD2.Mode=SD_4_bits_Wide_bus
Dma.USART2_TX.3.FIFOMode=DMA_FIFOMODE_DISABLE
board=custom
RCC.VCOOutputFreq_Value=192000000
Dma.USART2_RX.4.Direction=DMA_PERIPH_TO_MEMORY
NVIC.SavedSystickIrqHandlerGenerated=true
RCC.APB2Freq_Value=24000000
MxCube.Version=6.0.1
NVIC.DMA2_Stream5_IRQn=true\:5\:0\:false\:false\:true\:false\:false\:true
PA10.GPIOParameters=GPIO_Label
PH1-OSC_OUT.Signal=RCC_OSC_OUT
PE5.Locked=true
PE6.Signal=GPIO_Output
RCC.IPParameters=48MHZClocksFreq_Value,AHBCLKDivider,AHBFreq_Value,APB1CLKDivider,APB1Freq_Value,APB1TimFreq_Value,APB2CLKDivider,APB2Freq_Value,APB2TimFreq_Value,CortexFreq_Value,EthernetFreq_Value,FCLKCortexFreq_Value,FamilyName,HCLKFreq_Value,HSE_VALUE,HSI_VALUE,I2SClocksFreq_Value,LSI_VALUE,MCO2PinFreq_Value,PLLCLKFreq_Value,PLLM,PLLN,PLLQCLKFreq_Value,RCC_RTC_Clock_SourceVirtual,RCC_RTC_Clock_Source_FROM_HSE,RTCFreq_Value,RTCHSEDivFreq_Value,SYSCLKFreq_VALUE,SYSCLKSource,VCOI2SOutputFreq_Value,VCOInputFreq_Value,VCOOutputFreq_Value,VcooutputI2S
ProjectManager.AskForMigrate=true
Mcu.Name=STM32F407V(E-G)Tx
NVIC.SavedPendsvIrqHandlerGenerated=true
PA2.Signal=USART2_TX
Mcu.IP8=SDIO
Mcu.IP9=SPI1
Mcu.IP6=RCC
Mcu.IP7=RTC
ProjectManager.CoupleFile=false
RCC.48MHZClocksFreq_Value=48000000
PB3.Signal=GPIO_Output
RCC.SYSCLKFreq_VALUE=96000000
RTC.Hours=17
PA7.GPIO_Label=LCD_DATA
PA1.Locked=true
PA12.Mode=Device_Only
KeepUserPlacement=false
USART3.VirtualMode=VM_ASYNC
PB7.Mode=I2C
PA14.Signal=SYS_JTCK-SWCLK
Dma.SPI1_TX.0.Priority=DMA_PRIORITY_LOW
Dma.SPI1_TX.0.MemDataAlignment=DMA_MDATAALIGN_BYTE
Dma.SDIO_TX.2.FIFOMode=DMA_FIFOMODE_ENABLE
RCC.HSI_VALUE=16000000
ADC1.NbrOfConversionFlag=1
RCC.PLLM=4
RCC.PLLN=96
Dma.USART1_RX.5.Instance=DMA2_Stream2
PA2.Mode=Asynchronous
PE3.GPIO_Label=PWR_CTRL
Dma.USART1_TX.6.MemDataAlignment=DMA_MDATAALIGN_BYTE
PC9.Signal=SDIO_D1
RCC.APB1Freq_Value=24000000
Dma.USART1_TX.6.RequestParameters=Instance,Direction,PeriphInc,MemInc,PeriphDataAlignment,MemDataAlignment,Mode,Priority,FIFOMode
PB11.Locked=true
ProjectManager.DeviceId=STM32F407VGTx
PB12.Signal=GPIO_Output
ProjectManager.LibraryCopy=1
PA3.GPIO_Label=RS_485_RX
PA7.Signal=SPI1_MOSI
